// !$*UTF8*$!
{
	archiveVersion = 1;
	classes = {
	};
	objectVersion = 46;
	objects = {

/* Begin PBXBuildFile section */
		0B0F2A421E0D02C300849926 /* main.m in Sources */ = {isa = PBXBuildFile; fileRef = 0B0F2A411E0D02C300849926 /* main.m */; };
		0B0F2A451E0D02C300849926 /* AppDelegate.m in Sources */ = {isa = PBXBuildFile; fileRef = 0B0F2A441E0D02C300849926 /* AppDelegate.m */; };
		0B0F2A481E0D02C300849926 /* ViewController.m in Sources */ = {isa = PBXBuildFile; fileRef = 0B0F2A471E0D02C300849926 /* ViewController.m */; };
		0B0F2A4B1E0D02C300849926 /* Main.storyboard in Resources */ = {isa = PBXBuildFile; fileRef = 0B0F2A491E0D02C300849926 /* Main.storyboard */; };
		0B0F2A4D1E0D02C300849926 /* Assets.xcassets in Resources */ = {isa = PBXBuildFile; fileRef = 0B0F2A4C1E0D02C300849926 /* Assets.xcassets */; };
		0B0F2A501E0D02C300849926 /* LaunchScreen.storyboard in Resources */ = {isa = PBXBuildFile; fileRef = 0B0F2A4E1E0D02C300849926 /* LaunchScreen.storyboard */; };
		0B0F2A5B1E0D02C400849926 /* ZhangZheTests.m in Sources */ = {isa = PBXBuildFile; fileRef = 0B0F2A5A1E0D02C400849926 /* ZhangZheTests.m */; };
		0B0F2A661E0D02C400849926 /* ZhangZheUITests.m in Sources */ = {isa = PBXBuildFile; fileRef = 0B0F2A651E0D02C400849926 /* ZhangZheUITests.m */; };
/* End PBXBuildFile section */

/* Begin PBXContainerItemProxy section */
		0B0F2A571E0D02C400849926 /* PBXContainerItemProxy */ = {
			isa = PBXContainerItemProxy;
			containerPortal = 0B0F2A351E0D02C300849926 /* Project object */;
			proxyType = 1;
			remoteGlobalIDString = 0B0F2A3C1E0D02C300849926;
			remoteInfo = ZhangZhe;
		};
		0B0F2A621E0D02C400849926 /* PBXContainerItemProxy */ = {
			isa = PBXContainerItemProxy;
			containerPortal = 0B0F2A351E0D02C300849926 /* Project object */;
			proxyType = 1;
			remoteGlobalIDString = 0B0F2A3C1E0D02C300849926;
			remoteInfo = ZhangZhe;
		};
/* End PBXContainerItemProxy section */

/* Begin PBXFileReference section */
		0B0F2A3D1E0D02C300849926 /* ZhangZhe.app */ = {isa = PBXFileReference; explicitFileType = wrapper.application; includeInIndex = 0; path = ZhangZhe.app; sourceTree = BUILT_PRODUCTS_DIR; };
		0B0F2A411E0D02C300849926 /* main.m */ = {isa = PBXFileReference; lastKnownFileType = sourcecode.c.objc; path = main.m; sourceTree = "<group>"; };
		0B0F2A431E0D02C300849926 /* AppDelegate.h */ = {isa = PBXFileReference; lastKnownFileType = sourcecode.c.h; path = AppDelegate.h; sourceTree = "<group>"; };
		0B0F2A441E0D02C300849926 /* AppDelegate.m */ = {isa = PBXFileReference; lastKnownFileType = sourcecode.c.objc; path = AppDelegate.m; sourceTree = "<group>"; };
		0B0F2A461E0D02C300849926 /* ViewController.h */ = {isa = PBXFileReference; lastKnownFileType = sourcecode.c.h; path = ViewController.h; sourceTree = "<group>"; };
		0B0F2A471E0D02C300849926 /* ViewController.m */ = {isa = PBXFileReference; lastKnownFileType = sourcecode.c.objc; path = ViewController.m; sourceTree = "<group>"; };
		0B0F2A4A1E0D02C300849926 /* Base */ = {isa = PBXFileReference; lastKnownFileType = file.storyboard; name = Base; path = Base.lproj/Main.storyboard; sourceTree = "<group>"; };
		0B0F2A4C1E0D02C300849926 /* Assets.xcassets */ = {isa = PBXFileReference; lastKnownFileType = folder.assetcatalog; path = Assets.xcassets; sourceTree = "<group>"; };
		0B0F2A4F1E0D02C300849926 /* Base */ = {isa = PBXFileReference; lastKnownFileType = file.storyboard; name = Base; path = Base.lproj/LaunchScreen.storyboard; sourceTree = "<group>"; };
		0B0F2A511E0D02C300849926 /* Info.plist */ = {isa = PBXFileReference; lastKnownFileType = text.plist.xml; path = Info.plist; sourceTree = "<group>"; };
		0B0F2A561E0D02C400849926 /* ZhangZheTests.xctest */ = {isa = PBXFileReference; explicitFileType = wrapper.cfbundle; includeInIndex = 0; path = ZhangZheTests.xctest; sourceTree = BUILT_PRODUCTS_DIR; };
		0B0F2A5A1E0D02C400849926 /* ZhangZheTests.m */ = {isa = PBXFileReference; lastKnownFileType = sourcecode.c.objc; path = ZhangZheTests.m; sourceTree = "<group>"; };
		0B0F2A5C1E0D02C400849926 /* Info.plist */ = {isa = PBXFileReference; lastKnownFileType = text.plist.xml; path = Info.plist; sourceTree = "<group>"; };
		0B0F2A611E0D02C400849926 /* ZhangZheUITests.xctest */ = {isa = PBXFileReference; explicitFileType = wrapper.cfbundle; includeInIndex = 0; path = ZhangZheUITests.xctest; sourceTree = BUILT_PRODUCTS_DIR; };
		0B0F2A651E0D02C400849926 /* ZhangZheUITests.m */ = {isa = PBXFileReference; lastKnownFileType = sourcecode.c.objc; path = ZhangZheUITests.m; sourceTree = "<group>"; };
		0B0F2A671E0D02C400849926 /* Info.plist */ = {isa = PBXFileReference; lastKnownFileType = text.plist.xml; path = Info.plist; sourceTree = "<group>"; };
/* End PBXFileReference section */

/* Begin PBXFrameworksBuildPhase section */
		0B0F2A3A1E0D02C300849926 /* Frameworks */ = {
			isa = PBXFrameworksBuildPhase;
			buildActionMask = 2147483647;
			files = (
			);
			runOnlyForDeploymentPostprocessing = 0;
		};
		0B0F2A531E0D02C400849926 /* Frameworks */ = {
			isa = PBXFrameworksBuildPhase;
			buildActionMask = 2147483647;
			files = (
			);
			runOnlyForDeploymentPostprocessing = 0;
		};
		0B0F2A5E1E0D02C400849926 /* Frameworks */ = {
			isa = PBXFrameworksBuildPhase;
			buildActionMask = 2147483647;
			files = (
			);
			runOnlyForDeploymentPostprocessing = 0;
		};
/* End PBXFrameworksBuildPhase section */

/* Begin PBXGroup section */
		0B0F2A341E0D02C300849926 = {
			isa = PBXGroup;
			children = (
				0B0F2A3F1E0D02C300849926 /* ZhangZhe */,
				0B0F2A591E0D02C400849926 /* ZhangZheTests */,
				0B0F2A641E0D02C400849926 /* ZhangZheUITests */,
				0B0F2A3E1E0D02C300849926 /* Products */,
			);
			sourceTree = "<group>";
		};
		0B0F2A3E1E0D02C300849926 /* Products */ = {
			isa = PBXGroup;
			children = (
				0B0F2A3D1E0D02C300849926 /* ZhangZhe.app */,
				0B0F2A561E0D02C400849926 /* ZhangZheTests.xctest */,
				0B0F2A611E0D02C400849926 /* ZhangZheUITests.xctest */,
			);
			name = Products;
			sourceTree = "<group>";
		};
		0B0F2A3F1E0D02C300849926 /* ZhangZhe */ = {
			isa = PBXGroup;
			children = (
				0B0F2A431E0D02C300849926 /* AppDelegate.h */,
				0B0F2A441E0D02C300849926 /* AppDelegate.m */,
				0B0F2A461E0D02C300849926 /* ViewController.h */,
				0B0F2A471E0D02C300849926 /* ViewController.m */,
				0B0F2A491E0D02C300849926 /* Main.storyboard */,
				0B0F2A4C1E0D02C300849926 /* Assets.xcassets */,
				0B0F2A4E1E0D02C300849926 /* LaunchScreen.storyboard */,
				0B0F2A511E0D02C300849926 /* Info.plist */,
				0B0F2A401E0D02C300849926 /* Supporting Files */,
			);
			path = ZhangZhe;
			sourceTree = "<group>";
		};
		0B0F2A401E0D02C300849926 /* Supporting Files */ = {
			isa = PBXGroup;
			children = (
				0B0F2A411E0D02C300849926 /* main.m */,
			);
			name = "Supporting Files";
			sourceTree = "<group>";
		};
		0B0F2A591E0D02C400849926 /* ZhangZheTests */ = {
			isa = PBXGroup;
			children = (
				0B0F2A5A1E0D02C400849926 /* ZhangZheTests.m */,
				0B0F2A5C1E0D02C400849926 /* Info.plist */,
			);
			path = ZhangZheTests;
			sourceTree = "<group>";
		};
		0B0F2A641E0D02C400849926 /* ZhangZheUITests */ = {
			isa = PBXGroup;
			children = (
				0B0F2A651E0D02C400849926 /* ZhangZheUITests.m */,
				0B0F2A671E0D02C400849926 /* Info.plist */,
			);
			path = ZhangZheUITests;
			sourceTree = "<group>";
		};
/* End PBXGroup section */

/* Begin PBXNativeTarget section */
		0B0F2A3C1E0D02C300849926 /* ZhangZhe */ = {
			isa = PBXNativeTarget;
			buildConfigurationList = 0B0F2A6A1E0D02C400849926 /* Build configuration list for PBXNativeTarget "ZhangZhe" */;
			buildPhases = (
				0B0F2A391E0D02C300849926 /* Sources */,
				0B0F2A3A1E0D02C300849926 /* Frameworks */,
				0B0F2A3B1E0D02C300849926 /* Resources */,
			);
			buildRules = (
			);
			dependencies = (
			);
			name = ZhangZhe;
			productName = ZhangZhe;
			productReference = 0B0F2A3D1E0D02C300849926 /* ZhangZhe.app */;
			productType = "com.apple.product-type.application";
		};
		0B0F2A551E0D02C400849926 /* ZhangZheTests */ = {
			isa = PBXNativeTarget;
			buildConfigurationList = 0B0F2A6D1E0D02C400849926 /* Build configuration list for PBXNativeTarget "ZhangZheTests" */;
			buildPhases = (
				0B0F2A521E0D02C400849926 /* Sources */,
				0B0F2A531E0D02C400849926 /* Frameworks */,
				0B0F2A541E0D02C400849926 /* Resources */,
			);
			buildRules = (
			);
			dependencies = (
				0B0F2A581E0D02C400849926 /* PBXTargetDependency */,
			);
			name = ZhangZheTests;
			productName = ZhangZheTests;
			productReference = 0B0F2A561E0D02C400849926 /* ZhangZheTests.xctest */;
			productType = "com.apple.product-type.bundle.unit-test";
		};
		0B0F2A601E0D02C400849926 /* ZhangZheUITests */ = {
			isa = PBXNativeTarget;
			buildConfigurationList = 0B0F2A701E0D02C400849926 /* Build configuration list for PBXNativeTarget "ZhangZheUITests" */;
			buildPhases = (
				0B0F2A5D1E0D02C400849926 /* Sources */,
				0B0F2A5E1E0D02C400849926 /* Frameworks */,
				0B0F2A5F1E0D02C400849926 /* Resources */,
			);
			buildRules = (
			);
			dependencies = (
				0B0F2A631E0D02C400849926 /* PBXTargetDependency */,
			);
			name = ZhangZheUITests;
			productName = ZhangZheUITests;
			productReference = 0B0F2A611E0D02C400849926 /* ZhangZheUITests.xctest */;
			productType = "com.apple.product-type.bundle.ui-testing";
		};
/* End PBXNativeTarget section */

/* Begin PBXProject section */
		0B0F2A351E0D02C300849926 /* Project object */ = {
			isa = PBXProject;
			attributes = {
				LastUpgradeCheck = 0800;
				ORGANIZATIONNAME = "大地";
				TargetAttributes = {
					0B0F2A3C1E0D02C300849926 = {
						CreatedOnToolsVersion = 8.0;
						ProvisioningStyle = Automatic;
					};
					0B0F2A551E0D02C400849926 = {
						CreatedOnToolsVersion = 8.0;
						ProvisioningStyle = Automatic;
						TestTargetID = 0B0F2A3C1E0D02C300849926;
					};
					0B0F2A601E0D02C400849926 = {
						CreatedOnToolsVersion = 8.0;
						ProvisioningStyle = Automatic;
						TestTargetID = 0B0F2A3C1E0D02C300849926;
					};
				};
			};
			buildConfigurationList = 0B0F2A381E0D02C300849926 /* Build configuration list for PBXProject "ZhangZhe" */;
			compatibilityVersion = "Xcode 3.2";
			developmentRegion = English;
			hasScannedForEncodings = 0;
			knownRegions = (
				en,
				Base,
			);
			mainGroup = 0B0F2A341E0D02C300849926;
			productRefGroup = 0B0F2A3E1E0D02C300849926 /* Products */;
			projectDirPath = "";
			projectRoot = "";
			targets = (
				0B0F2A3C1E0D02C300849926 /* ZhangZhe */,
				0B0F2A551E0D02C400849926 /* ZhangZheTests */,
				0B0F2A601E0D02C400849926 /* ZhangZheUITests */,
			);
		};
/* End PBXProject section */

/* Begin PBXResourcesBuildPhase section */
		0B0F2A3B1E0D02C300849926 /* Resources */ = {
			isa = PBXResourcesBuildPhase;
			buildActionMask = 2147483647;
			files = (
				0B0F2A501E0D02C300849926 /* LaunchScreen.storyboard in Resources */,
				0B0F2A4D1E0D02C300849926 /* Assets.xcassets in Resources */,
				0B0F2A4B1E0D02C300849926 /* Main.storyboard in Resources */,
			);
			runOnlyForDeploymentPostprocessing = 0;
		};
		0B0F2A541E0D02C400849926 /* Resources */ = {
			isa = PBXResourcesBuildPhase;
			buildActionMask = 2147483647;
			files = (
			);
			runOnlyForDeploymentPostprocessing = 0;
		};
		0B0F2A5F1E0D02C400849926 /* Resources */ = {
			isa = PBXResourcesBuildPhase;
			buildActionMask = 2147483647;
			files = (
			);
			runOnlyForDeploymentPostprocessing = 0;
		};
/* End PBXResourcesBuildPhase section */

/* Begin PBXSourcesBuildPhase section */
		0B0F2A391E0D02C300849926 /* Sources */ = {
			isa = PBXSourcesBuildPhase;
			buildActionMask = 2147483647;
			files = (
				0B0F2A481E0D02C300849926 /* ViewController.m in Sources */,
				0B0F2A451E0D02C300849926 /* AppDelegate.m in Sources */,
				0B0F2A421E0D02C300849926 /* main.m in Sources */,
			);
			runOnlyForDeploymentPostprocessing = 0;
		};
		0B0F2A521E0D02C400849926 /* Sources */ = {
			isa = PBXSourcesBuildPhase;
			buildActionMask = 2147483647;
			files = (
				0B0F2A5B1E0D02C400849926 /* ZhangZheTests.m in Sources */,
			);
			runOnlyForDeploymentPostprocessing = 0;
		};
		0B0F2A5D1E0D02C400849926 /* Sources */ = {
			isa = PBXSourcesBuildPhase;
			buildActionMask = 2147483647;
			files = (
				0B0F2A661E0D02C400849926 /* ZhangZheUITests.m in Sources */,
			);
			runOnlyForDeploymentPostprocessing = 0;
		};
/* End PBXSourcesBuildPhase section */

/* Begin PBXTargetDependency section */
		0B0F2A581E0D02C400849926 /* PBXTargetDependency */ = {
			isa = PBXTargetDependency;
			target = 0B0F2A3C1E0D02C300849926 /* ZhangZhe */;
			targetProxy = 0B0F2A571E0D02C400849926 /* PBXContainerItemProxy */;
		};
		0B0F2A631E0D02C400849926 /* PBXTargetDependency */ = {
			isa = PBXTargetDependency;
			target = 0B0F2A3C1E0D02C300849926 /* ZhangZhe */;
			targetProxy = 0B0F2A621E0D02C400849926 /* PBXContainerItemProxy */;
		};
/* End PBXTargetDependency section */

/* Begin PBXVariantGroup section */
		0B0F2A491E0D02C300849926 /* Main.storyboard */ = {
			isa = PBXVariantGroup;
			children = (
				0B0F2A4A1E0D02C300849926 /* Base */,
			);
			name = Main.storyboard;
			sourceTree = "<group>";
		};
		0B0F2A4E1E0D02C300849926 /* LaunchScreen.storyboard */ = {
			isa = PBXVariantGroup;
			children = (
				0B0F2A4F1E0D02C300849926 /* Base */,
			);
			name = LaunchScreen.storyboard;
			sourceTree = "<group>";
		};
/* End PBXVariantGroup section */

/* Begin XCBuildConfiguration section */
		0B0F2A681E0D02C400849926 /* Debug */ = {
			isa = XCBuildConfiguration;
			buildSettings = {
				ALWAYS_SEARCH_USER_PATHS = NO;
				CLANG_ANALYZER_NONNULL = YES;
				CLANG_CXX_LANGUAGE_STANDARD = "gnu++0x";
				CLANG_CXX_LIBRARY = "libc++";
				CLANG_ENABLE_MODULES = YES;
				CLANG_ENABLE_OBJC_ARC = YES;
				CLANG_WARN_BOOL_CONVERSION = YES;
				CLANG_WARN_CONSTANT_CONVERSION = YES;
				CLANG_WARN_DIRECT_OBJC_ISA_USAGE = YES_ERROR;
				CLANG_WARN_DOCUMENTATION_COMMENTS = YES;
				CLANG_WARN_EMPTY_BODY = YES;
				CLANG_WARN_ENUM_CONVERSION = YES;
				CLANG_WARN_INFINITE_RECURSION = YES;
				CLANG_WARN_INT_CONVERSION = YES;
				CLANG_WARN_OBJC_ROOT_CLASS = YES_ERROR;
				CLANG_WARN_SUSPICIOUS_MOVES = YES;
				CLANG_WARN_UNREACHABLE_CODE = YES;
				CLANG_WARN__DUPLICATE_METHOD_MATCH = YES;
				"CODE_SIGN_IDENTITY[sdk=iphoneos*]" = "iPhone Developer";
				COPY_PHASE_STRIP = NO;
				DEBUG_INFORMATION_FORMAT = dwarf;
				ENABLE_STRICT_OBJC_MSGSEND = YES;
				ENABLE_TESTABILITY = YES;
				GCC_C_LANGUAGE_STANDARD = gnu99;
				GCC_DYNAMIC_NO_PIC = NO;
				GCC_NO_COMMON_BLOCKS = YES;
				GCC_OPTIMIZATION_LEVEL = 0;
				GCC_PREPROCESSOR_DEFINITIONS = (
					"DEBUG=1",
					"$(inherited)",
				);
				GCC_WARN_64_TO_32_BIT_CONVERSION = YES;
				GCC_WARN_ABOUT_RETURN_TYPE = YES_ERROR;
				GCC_WARN_UNDECLARED_SELECTOR = YES;
				GCC_WARN_UNINITIALIZED_AUTOS = YES_AGGRESSIVE;
				GCC_WARN_UNUSED_FUNCTION = YES;
				GCC_WARN_UNUSED_VARIABLE = YES;
				IPHONEOS_DEPLOYMENT_TARGET = 10.0;
				MTL_ENABLE_DEBUG_INFO = YES;
				ONLY_ACTIVE_ARCH = YES;
				SDKROOT = iphoneos;
				TARGETED_DEVICE_FAMILY = "1,2";
			};
			name = Debug;
		};
		0B0F2A691E0D02C400849926 /* Release */ = {
			isa = XCBuildConfiguration;
			buildSettings = {
				ALWAYS_SEARCH_USER_PATHS = NO;
				CLANG_ANALYZER_NONNULL = YES;
				CLANG_CXX_LANGUAGE_STANDARD = "gnu++0x";
				CLANG_CXX_LIBRARY = "libc++";
				CLANG_ENABLE_MODULES = YES;
				CLANG_ENABLE_OBJC_ARC = YES;
				CLANG_WARN_BOOL_CONVERSION = YES;
				CLANG_WARN_CONSTANT_CONVERSION = YES;
				CLANG_WARN_DIRECT_OBJC_ISA_USAGE = YES_ERROR;
				CLANG_WARN_DOCUMENTATION_COMMENTS = YES;
				CLANG_WARN_EMPTY_BODY = YES;
				CLANG_WARN_ENUM_CONVERSION = YES;
				CLANG_WARN_INFINITE_RECURSION = YES;
				CLANG_WARN_INT_CONVERSION = YES;
				CLANG_WARN_OBJC_ROOT_CLASS = YES_ERROR;
				CLANG_WARN_SUSPICIOUS_MOVES = YES;
				CLANG_WARN_UNREACHABLE_CODE = YES;
				CLANG_WARN__DUPLICATE_METHOD_MATCH = YES;
				"CODE_SIGN_IDENTITY[sdk=iphoneos*]" = "iPhone Developer";
				COPY_PHASE_STRIP = NO;
				DEBUG_INFORMATION_FORMAT = "dwarf-with-dsym";
				ENABLE_NS_ASSERTIONS = NO;
				ENABLE_STRICT_OBJC_MSGSEND = YES;
				GCC_C_LANGUAGE_STANDARD = gnu99;
				GCC_NO_COMMON_BLOCKS = YES;
				GCC_WARN_64_TO_32_BIT_CONVERSION = YES;
				GCC_WARN_ABOUT_RETURN_TYPE = YES_ERROR;
				GCC_WARN_UNDECLARED_SELECTOR = YES;
				GCC_WARN_UNINITIALIZED_AUTOS = YES_AGGRESSIVE;
				GCC_WARN_UNUSED_FUNCTION = YES;
				GCC_WARN_UNUSED_VARIABLE = YES;
				IPHONEOS_DEPLOYMENT_TARGET = 10.0;
				MTL_ENABLE_DEBUG_INFO = NO;
				SDKROOT = iphoneos;
				TARGETED_DEVICE_FAMILY = "1,2";
				VALIDATE_PRODUCT = YES;
			};
			name = Release;
		};
		0B0F2A6B1E0D02C400849926 /* Debug */ = {
			isa = XCBuildConfiguration;
			buildSettings = {
				ASSETCATALOG_COMPILER_APPICON_NAME = AppIcon;
				INFOPLIST_FILE = ZhangZhe/Info.plist;
				LD_RUNPATH_SEARCH_PATHS = "$(inherited) @executable_path/Frameworks";
				PRODUCT_BUNDLE_IDENTIFIER = ZhangZhe.ZhangZhe;
				PRODUCT_NAME = "$(TARGET_NAME)";
			};
			name = Debug;
		};
		0B0F2A6C1E0D02C400849926 /* Release */ = {
			isa = XCBuildConfiguration;
			buildSettings = {
				ASSETCATALOG_COMPILER_APPICON_NAME = AppIcon;
				INFOPLIST_FILE = ZhangZhe/Info.plist;
				LD_RUNPATH_SEARCH_PATHS = "$(inherited) @executable_path/Frameworks";
				PRODUCT_BUNDLE_IDENTIFIER = ZhangZhe.ZhangZhe;
				PRODUCT_NAME = "$(TARGET_NAME)";
			};
			name = Release;
		};
		0B0F2A6E1E0D02C400849926 /* Debug */ = {
			isa = XCBuildConfiguration;
			buildSettings = {
				BUNDLE_LOADER = "$(TEST_HOST)";
				INFOPLIST_FILE = ZhangZheTests/Info.plist;
				LD_RUNPATH_SEARCH_PATHS = "$(inherited) @executable_path/Frameworks @loader_path/Frameworks";
				PRODUCT_BUNDLE_IDENTIFIER = ZhangZhe.ZhangZheTests;
				PRODUCT_NAME = "$(TARGET_NAME)";
				TEST_HOST = "$(BUILT_PRODUCTS_DIR)/ZhangZhe.app/ZhangZhe";
			};
			name = Debug;
		};
		0B0F2A6F1E0D02C400849926 /* Release */ = {
			isa = XCBuildConfiguration;
			buildSettings = {
				BUNDLE_LOADER = "$(TEST_HOST)";
				INFOPLIST_FILE = ZhangZheTests/Info.plist;
				LD_RUNPATH_SEARCH_PATHS = "$(inherited) @executable_path/Frameworks @loader_path/Frameworks";
				PRODUCT_BUNDLE_IDENTIFIER = ZhangZhe.ZhangZheTests;
				PRODUCT_NAME = "$(TARGET_NAME)";
				TEST_HOST = "$(BUILT_PRODUCTS_DIR)/ZhangZhe.app/ZhangZhe";
			};
			name = Release;
		};
		0B0F2A711E0D02C400849926 /* Debug */ = {
			isa = XCBuildConfiguration;
			buildSettings = {
				INFOPLIST_FILE = ZhangZheUITests/Info.plist;
				LD_RUNPATH_SEARCH_PATHS = "$(inherited) @executable_path/Frameworks @loader_path/Frameworks";
				PRODUCT_BUNDLE_IDENTIFIER = ZhangZhe.ZhangZheUITests;
				PRODUCT_NAME = "$(TARGET_NAME)";
				TEST_TARGET_NAME = ZhangZhe;
			};
			name = Debug;
		};
		0B0F2A721E0D02C400849926 /* Release */ = {
			isa = XCBuildConfiguration;
			buildSettings = {
				INFOPLIST_FILE = ZhangZheUITests/Info.plist;
				LD_RUNPATH_SEARCH_PATHS = "$(inherited) @executable_path/Frameworks @loader_path/Frameworks";
				PRODUCT_BUNDLE_IDENTIFIER = ZhangZhe.ZhangZheUITests;
				PRODUCT_NAME = "$(TARGET_NAME)";
				TEST_TARGET_NAME = ZhangZhe;
			};
			name = Release;
		};
/* End XCBuildConfiguration section */

/* Begin XCConfigurationList section */
		0B0F2A381E0D02C300849926 /* Build configuration list for PBXProject "ZhangZhe" */ = {
			isa = XCConfigurationList;
			buildConfigurations = (
				0B0F2A681E0D02C400849926 /* Debug */,
				0B0F2A691E0D02C400849926 /* Release */,
			);
			defaultConfigurationIsVisible = 0;
			defaultConfigurationName = Release;
		};
		0B0F2A6A1E0D02C400849926 /* Build configuration list for PBXNativeTarget "ZhangZhe" */ = {
			isa = XCConfigurationList;
			buildConfigurations = (
				0B0F2A6B1E0D02C400849926 /* Debug */,
				0B0F2A6C1E0D02C400849926 /* Release */,
			);
			defaultConfigurationIsVisible = 0;
		};
		0B0F2A6D1E0D02C400849926 /* Build configuration list for PBXNativeTarget "ZhangZheTests" */ = {
			isa = XCConfigurationList;
			buildConfigurations = (
				0B0F2A6E1E0D02C400849926 /* Debug */,
				0B0F2A6F1E0D02C400849926 /* Release */,
			);
			defaultConfigurationIsVisible = 0;
		};
		0B0F2A701E0D02C400849926 /* Build configuration list for PBXNativeTarget "ZhangZheUITests" */ = {
			isa = XCConfigurationList;
			buildConfigurations = (
				0B0F2A711E0D02C400849926 /* Debug */,
				0B0F2A721E0D02C400849926 /* Release */,
			);
			defaultConfigurationIsVisible = 0;
		};
/* End XCConfigurationList section */
	};
	rootObject = 0B0F2A351E0D02C300849926 /* Project object */;
}
